
Microsoft Visual Studio Solution File, Format Version 11.00
# Visual Studio 2010
# SharpDevelop 4.4
Project("{FAE04EC0-301F-11D3-BF4B-00C04F79EFBC}") = "wpad", "wpad.csproj", "{FEC68619-6995-4548-A7A7-84EB2F1A48EE}"
EndProject
Global
	GlobalSection(SolutionConfigurationPlatforms) = preSolution
		Debug|Any CPU = Debug|Any CPU
		Release|Any CPU = Release|Any CPU
	EndGlobalSection
	GlobalSection(ProjectConfigurationPlatforms) = postSolution
		{FEC68619-6995-4548-A7A7-84EB2F1A48EE}.Debug|Any CPU.Build.0 = Debug|Any CPU
		{FEC68619-6995-4548-A7A7-84EB2F1A48EE}.Debug|Any CPU.ActiveCfg = Debug|Any CPU
		{FEC68619-6995-4548-A7A7-84EB2F1A48EE}.Release|Any CPU.Build.0 = Release|Any CPU
		{FEC68619-6995-4548-A7A7-84EB2F1A48EE}.Release|Any CPU.ActiveCfg = Release|Any CPU
	EndGlobalSection
EndGlobal
